// !$*UTF8*$!
{
	archiveVersion = 1;
	classes = {
	};
	objectVersion = 51;
	objects = {

/* Begin PBXBuildFile section */
		E6C57F4C61883DC0EDE5D77A /* Pods_VkTest.framework in Frameworks */ = {isa = PBXBuildFile; fileRef = 20CE1520FD1C485883AF3B52 /* Pods_VkTest.framework */; };
		ED1DA2CC254C1EE400962F82 /* VKUserPayload.swift in Sources */ = {isa = PBXBuildFile; fileRef = ED1DA2CB254C1EE400962F82 /* VKUserPayload.swift */; };
		ED1DA2CF254C216E00962F82 /* VKError.swift in Sources */ = {isa = PBXBuildFile; fileRef = ED1DA2CE254C216E00962F82 /* VKError.swift */; };
		ED1DA2D2254C26E800962F82 /* VKImageDownloader.swift in Sources */ = {isa = PBXBuildFile; fileRef = ED1DA2D1254C26E800962F82 /* VKImageDownloader.swift */; };
		ED1DA2D5254C2B6F00962F82 /* VKPostPayload.swift in Sources */ = {isa = PBXBuildFile; fileRef = ED1DA2D4254C2B6F00962F82 /* VKPostPayload.swift */; };
		ED1DA2E0254C34B800962F82 /* PersistentPost.swift in Sources */ = {isa = PBXBuildFile; fileRef = ED1DA2DF254C34B800962F82 /* PersistentPost.swift */; };
		ED1DA2E4254C353400962F82 /* PostWrapper.swift in Sources */ = {isa = PBXBuildFile; fileRef = ED1DA2E3254C353400962F82 /* PostWrapper.swift */; };
		ED1DA2E7254C371600962F82 /* RealmClient.swift in Sources */ = {isa = PBXBuildFile; fileRef = ED1DA2E6254C371600962F82 /* RealmClient.swift */; };
		ED1DA2EA254C4B9C00962F82 /* UserDefaultsClient.swift in Sources */ = {isa = PBXBuildFile; fileRef = ED1DA2E9254C4B9C00962F82 /* UserDefaultsClient.swift */; };
		ED1DA2EE254C53E900962F82 /* GroupsViewController.swift in Sources */ = {isa = PBXBuildFile; fileRef = ED1DA2ED254C53E800962F82 /* GroupsViewController.swift */; };
		ED1DA2F1254C550100962F82 /* VKGroupPayload.swift in Sources */ = {isa = PBXBuildFile; fileRef = ED1DA2F0254C550100962F82 /* VKGroupPayload.swift */; };
		ED1DA2F4254C55C200962F82 /* GroupWrapper.swift in Sources */ = {isa = PBXBuildFile; fileRef = ED1DA2F3254C55C200962F82 /* GroupWrapper.swift */; };
		ED1DA2F7254C55DB00962F82 /* PersistentGroup.swift in Sources */ = {isa = PBXBuildFile; fileRef = ED1DA2F6254C55DB00962F82 /* PersistentGroup.swift */; };
		ED4CCBF1254B1FA800566BAB /* VKAuthPayload.swift in Sources */ = {isa = PBXBuildFile; fileRef = ED4CCBF0254B1FA800566BAB /* VKAuthPayload.swift */; };
		ED4CCC03254B221D00566BAB /* UserCredentialsHelper.swift in Sources */ = {isa = PBXBuildFile; fileRef = ED4CCC02254B221D00566BAB /* UserCredentialsHelper.swift */; };
		ED4CCC0D254B28B600566BAB /* AvatarView.swift in Sources */ = {isa = PBXBuildFile; fileRef = ED4CCC0C254B28B600566BAB /* AvatarView.swift */; };
		ED4CCC10254B3E5800566BAB /* NSNotificationName+AppNotifications.swift in Sources */ = {isa = PBXBuildFile; fileRef = ED4CCC0F254B3E5800566BAB /* NSNotificationName+AppNotifications.swift */; };
		ED4CCC27254B663F00566BAB /* CreatePostView.swift in Sources */ = {isa = PBXBuildFile; fileRef = ED4CCC26254B663E00566BAB /* CreatePostView.swift */; };
		ED4CCC2A254B665500566BAB /* CreatePostView.xib in Resources */ = {isa = PBXBuildFile; fileRef = ED4CCC29254B665500566BAB /* CreatePostView.xib */; };
		ED4CCC2D254B697100566BAB /* CreatePostViewDelegate.swift in Sources */ = {isa = PBXBuildFile; fileRef = ED4CCC2C254B697100566BAB /* CreatePostViewDelegate.swift */; };
		ED4CCC30254B76A700566BAB /* KeyboardConstraintAdjuster.swift in Sources */ = {isa = PBXBuildFile; fileRef = ED4CCC2F254B76A600566BAB /* KeyboardConstraintAdjuster.swift */; };
		ED98B517254AF4E200BB959E /* InnerNavigationController.swift in Sources */ = {isa = PBXBuildFile; fileRef = ED98B516254AF4E200BB959E /* InnerNavigationController.swift */; };
		ED98B51A254AF5A600BB959E /* NavigationController.swift in Sources */ = {isa = PBXBuildFile; fileRef = ED98B519254AF5A600BB959E /* NavigationController.swift */; };
		ED9D32FC254ACCA200936872 /* AppDelegate.swift in Sources */ = {isa = PBXBuildFile; fileRef = ED9D32FB254ACCA200936872 /* AppDelegate.swift */; };
		ED9D32FE254ACCA200936872 /* SceneDelegate.swift in Sources */ = {isa = PBXBuildFile; fileRef = ED9D32FD254ACCA200936872 /* SceneDelegate.swift */; };
		ED9D3303254ACCA200936872 /* Main.storyboard in Resources */ = {isa = PBXBuildFile; fileRef = ED9D3301254ACCA200936872 /* Main.storyboard */; };
		ED9D3305254ACCAA00936872 /* Assets.xcassets in Resources */ = {isa = PBXBuildFile; fileRef = ED9D3304254ACCAA00936872 /* Assets.xcassets */; };
		ED9D3308254ACCAA00936872 /* LaunchScreen.storyboard in Resources */ = {isa = PBXBuildFile; fileRef = ED9D3306254ACCAA00936872 /* LaunchScreen.storyboard */; };
		ED9D3348254AD68900936872 /* BrowseViewController.swift in Sources */ = {isa = PBXBuildFile; fileRef = ED9D3347254AD68900936872 /* BrowseViewController.swift */; };
		ED9D334B254AD6C900936872 /* OptionsViewController.swift in Sources */ = {isa = PBXBuildFile; fileRef = ED9D334A254AD6C900936872 /* OptionsViewController.swift */; };
		ED9D334E254AD6FB00936872 /* LoginViewController.swift in Sources */ = {isa = PBXBuildFile; fileRef = ED9D334D254AD6FB00936872 /* LoginViewController.swift */; };
		ED9D3351254AD9B700936872 /* TabBarController.swift in Sources */ = {isa = PBXBuildFile; fileRef = ED9D3350254AD9B700936872 /* TabBarController.swift */; };
		ED9D3358254AEB7800936872 /* VKAuthHelper.swift in Sources */ = {isa = PBXBuildFile; fileRef = ED9D3357254AEB7800936872 /* VKAuthHelper.swift */; };
		EDB0508D254C098F00A5AFE6 /* VKRequester.swift in Sources */ = {isa = PBXBuildFile; fileRef = EDB0508C254C098E00A5AFE6 /* VKRequester.swift */; };
		EDB05090254C101600A5AFE6 /* LazyTableViewHandler.swift in Sources */ = {isa = PBXBuildFile; fileRef = EDB0508F254C101600A5AFE6 /* LazyTableViewHandler.swift */; };
		EDB05093254C180D00A5AFE6 /* VKRequestInterceptor.swift in Sources */ = {isa = PBXBuildFile; fileRef = EDB05092254C180D00A5AFE6 /* VKRequestInterceptor.swift */; };
		EDB05096254C1A0A00A5AFE6 /* VKRequestConstants.swift in Sources */ = {isa = PBXBuildFile; fileRef = EDB05095254C1A0A00A5AFE6 /* VKRequestConstants.swift */; };
		EDB05099254C1CC100A5AFE6 /* VKClient.swift in Sources */ = {isa = PBXBuildFile; fileRef = EDB05098254C1CC000A5AFE6 /* VKClient.swift */; };
/* End PBXBuildFile section */

/* Begin PBXFileReference section */
		20CE1520FD1C485883AF3B52 /* Pods_VkTest.framework */ = {isa = PBXFileReference; explicitFileType = wrapper.framework; includeInIndex = 0; path = Pods_VkTest.framework; sourceTree = BUILT_PRODUCTS_DIR; };
		3165A4CDF63AE81F465B5602 /* Pods-VkTest.release.xcconfig */ = {isa = PBXFileReference; includeInIndex = 1; lastKnownFileType = text.xcconfig; name = "Pods-VkTest.release.xcconfig"; path = "Target Support Files/Pods-VkTest/Pods-VkTest.release.xcconfig"; sourceTree = "<group>"; };
		D9D5EB61B05BEF848A62B4C2 /* Pods-VkTest.debug.xcconfig */ = {isa = PBXFileReference; includeInIndex = 1; lastKnownFileType = text.xcconfig; name = "Pods-VkTest.debug.xcconfig"; path = "Target Support Files/Pods-VkTest/Pods-VkTest.debug.xcconfig"; sourceTree = "<group>"; };
		ED1DA2CB254C1EE400962F82 /* VKUserPayload.swift */ = {isa = PBXFileReference; lastKnownFileType = sourcecode.swift; path = VKUserPayload.swift; sourceTree = "<group>"; };
		ED1DA2CE254C216E00962F82 /* VKError.swift */ = {isa = PBXFileReference; lastKnownFileType = sourcecode.swift; path = VKError.swift; sourceTree = "<group>"; };
		ED1DA2D1254C26E800962F82 /* VKImageDownloader.swift */ = {isa = PBXFileReference; lastKnownFileType = sourcecode.swift; path = VKImageDownloader.swift; sourceTree = "<group>"; };
		ED1DA2D4254C2B6F00962F82 /* VKPostPayload.swift */ = {isa = PBXFileReference; lastKnownFileType = sourcecode.swift; path = VKPostPayload.swift; sourceTree = "<group>"; };
		ED1DA2DF254C34B800962F82 /* PersistentPost.swift */ = {isa = PBXFileReference; lastKnownFileType = sourcecode.swift; path = PersistentPost.swift; sourceTree = "<group>"; };
		ED1DA2E3254C353400962F82 /* PostWrapper.swift */ = {isa = PBXFileReference; lastKnownFileType = sourcecode.swift; path = PostWrapper.swift; sourceTree = "<group>"; };
		ED1DA2E6254C371600962F82 /* RealmClient.swift */ = {isa = PBXFileReference; lastKnownFileType = sourcecode.swift; path = RealmClient.swift; sourceTree = "<group>"; };
		ED1DA2E9254C4B9C00962F82 /* UserDefaultsClient.swift */ = {isa = PBXFileReference; lastKnownFileType = sourcecode.swift; path = UserDefaultsClient.swift; sourceTree = "<group>"; };
		ED1DA2ED254C53E800962F82 /* GroupsViewController.swift */ = {isa = PBXFileReference; lastKnownFileType = sourcecode.swift; path = GroupsViewController.swift; sourceTree = "<group>"; };
		ED1DA2F0254C550100962F82 /* VKGroupPayload.swift */ = {isa = PBXFileReference; lastKnownFileType = sourcecode.swift; path = VKGroupPayload.swift; sourceTree = "<group>"; };
		ED1DA2F3254C55C200962F82 /* GroupWrapper.swift */ = {isa = PBXFileReference; lastKnownFileType = sourcecode.swift; path = GroupWrapper.swift; sourceTree = "<group>"; };
		ED1DA2F6254C55DB00962F82 /* PersistentGroup.swift */ = {isa = PBXFileReference; lastKnownFileType = sourcecode.swift; path = PersistentGroup.swift; sourceTree = "<group>"; };
		ED4CCBEA254AFFF100566BAB /* VkTest.entitlements */ = {isa = PBXFileReference; lastKnownFileType = text.plist.entitlements; path = VkTest.entitlements; sourceTree = "<group>"; };
		ED4CCBF0254B1FA800566BAB /* VKAuthPayload.swift */ = {isa = PBXFileReference; lastKnownFileType = sourcecode.swift; path = VKAuthPayload.swift; sourceTree = "<group>"; };
		ED4CCC02254B221D00566BAB /* UserCredentialsHelper.swift */ = {isa = PBXFileReference; lastKnownFileType = sourcecode.swift; path = UserCredentialsHelper.swift; sourceTree = "<group>"; };
		ED4CCC0C254B28B600566BAB /* AvatarView.swift */ = {isa = PBXFileReference; lastKnownFileType = sourcecode.swift; path = AvatarView.swift; sourceTree = "<group>"; };
		ED4CCC0F254B3E5800566BAB /* NSNotificationName+AppNotifications.swift */ = {isa = PBXFileReference; lastKnownFileType = sourcecode.swift; path = "NSNotificationName+AppNotifications.swift"; sourceTree = "<group>"; };
		ED4CCC26254B663E00566BAB /* CreatePostView.swift */ = {isa = PBXFileReference; lastKnownFileType = sourcecode.swift; path = CreatePostView.swift; sourceTree = "<group>"; };
		ED4CCC29254B665500566BAB /* CreatePostView.xib */ = {isa = PBXFileReference; lastKnownFileType = file.xib; path = CreatePostView.xib; sourceTree = "<group>"; };
		ED4CCC2C254B697100566BAB /* CreatePostViewDelegate.swift */ = {isa = PBXFileReference; lastKnownFileType = sourcecode.swift; path = CreatePostViewDelegate.swift; sourceTree = "<group>"; };
		ED4CCC2F254B76A600566BAB /* KeyboardConstraintAdjuster.swift */ = {isa = PBXFileReference; lastKnownFileType = sourcecode.swift; path = KeyboardConstraintAdjuster.swift; sourceTree = "<group>"; };
		ED98B516254AF4E200BB959E /* InnerNavigationController.swift */ = {isa = PBXFileReference; lastKnownFileType = sourcecode.swift; path = InnerNavigationController.swift; sourceTree = "<group>"; };
		ED98B519254AF5A600BB959E /* NavigationController.swift */ = {isa = PBXFileReference; lastKnownFileType = sourcecode.swift; path = NavigationController.swift; sourceTree = "<group>"; };
		ED9D32F8254ACCA200936872 /* VkTest.app */ = {isa = PBXFileReference; explicitFileType = wrapper.application; includeInIndex = 0; path = VkTest.app; sourceTree = BUILT_PRODUCTS_DIR; };
		ED9D32FB254ACCA200936872 /* AppDelegate.swift */ = {isa = PBXFileReference; lastKnownFileType = sourcecode.swift; path = AppDelegate.swift; sourceTree = "<group>"; };
		ED9D32FD254ACCA200936872 /* SceneDelegate.swift */ = {isa = PBXFileReference; lastKnownFileType = sourcecode.swift; path = SceneDelegate.swift; sourceTree = "<group>"; };
		ED9D3302254ACCA200936872 /* Base */ = {isa = PBXFileReference; lastKnownFileType = file.storyboard; name = Base; path = Base.lproj/Main.storyboard; sourceTree = "<group>"; };
		ED9D3304254ACCAA00936872 /* Assets.xcassets */ = {isa = PBXFileReference; lastKnownFileType = folder.assetcatalog; path = Assets.xcassets; sourceTree = "<group>"; };
		ED9D3307254ACCAA00936872 /* Base */ = {isa = PBXFileReference; lastKnownFileType = file.storyboard; name = Base; path = Base.lproj/LaunchScreen.storyboard; sourceTree = "<group>"; };
		ED9D3309254ACCAA00936872 /* Info.plist */ = {isa = PBXFileReference; lastKnownFileType = text.plist.xml; path = Info.plist; sourceTree = "<group>"; };
		ED9D3347254AD68900936872 /* BrowseViewController.swift */ = {isa = PBXFileReference; lastKnownFileType = sourcecode.swift; path = BrowseViewController.swift; sourceTree = "<group>"; };
		ED9D334A254AD6C900936872 /* OptionsViewController.swift */ = {isa = PBXFileReference; lastKnownFileType = sourcecode.swift; path = OptionsViewController.swift; sourceTree = "<group>"; };
		ED9D334D254AD6FB00936872 /* LoginViewController.swift */ = {isa = PBXFileReference; lastKnownFileType = sourcecode.swift; path = LoginViewController.swift; sourceTree = "<group>"; };
		ED9D3350254AD9B700936872 /* TabBarController.swift */ = {isa = PBXFileReference; lastKnownFileType = sourcecode.swift; path = TabBarController.swift; sourceTree = "<group>"; };
		ED9D3357254AEB7800936872 /* VKAuthHelper.swift */ = {isa = PBXFileReference; lastKnownFileType = sourcecode.swift; path = VKAuthHelper.swift; sourceTree = "<group>"; };
		EDB0508C254C098E00A5AFE6 /* VKRequester.swift */ = {isa = PBXFileReference; lastKnownFileType = sourcecode.swift; path = VKRequester.swift; sourceTree = "<group>"; };
		EDB0508F254C101600A5AFE6 /* LazyTableViewHandler.swift */ = {isa = PBXFileReference; lastKnownFileType = sourcecode.swift; path = LazyTableViewHandler.swift; sourceTree = "<group>"; };
		EDB05092254C180D00A5AFE6 /* VKRequestInterceptor.swift */ = {isa = PBXFileReference; lastKnownFileType = sourcecode.swift; path = VKRequestInterceptor.swift; sourceTree = "<group>"; };
		EDB05095254C1A0A00A5AFE6 /* VKRequestConstants.swift */ = {isa = PBXFileReference; lastKnownFileType = sourcecode.swift; path = VKRequestConstants.swift; sourceTree = "<group>"; };
		EDB05098254C1CC000A5AFE6 /* VKClient.swift */ = {isa = PBXFileReference; lastKnownFileType = sourcecode.swift; path = VKClient.swift; sourceTree = "<group>"; };
/* End PBXFileReference section */

/* Begin PBXFrameworksBuildPhase section */
		ED9D32F5254ACCA200936872 /* Frameworks */ = {
			isa = PBXFrameworksBuildPhase;
			buildActionMask = 2147483647;
			files = (
				E6C57F4C61883DC0EDE5D77A /* Pods_VkTest.framework in Frameworks */,
			);
			runOnlyForDeploymentPostprocessing = 0;
		};
/* End PBXFrameworksBuildPhase section */

/* Begin PBXGroup section */
		5863F22C842636C4966D0B35 /* Frameworks */ = {
			isa = PBXGroup;
			children = (
				20CE1520FD1C485883AF3B52 /* Pods_VkTest.framework */,
			);
			name = Frameworks;
			sourceTree = "<group>";
		};
		70138BDA0F502CF802615A9C /* Pods */ = {
			isa = PBXGroup;
			children = (
				D9D5EB61B05BEF848A62B4C2 /* Pods-VkTest.debug.xcconfig */,
				3165A4CDF63AE81F465B5602 /* Pods-VkTest.release.xcconfig */,
			);
			path = Pods;
			sourceTree = "<group>";
		};
		ED1DA2DE254C349D00962F82 /* Data */ = {
			isa = PBXGroup;
			children = (
				ED1DA2DF254C34B800962F82 /* PersistentPost.swift */,
				ED1DA2F6254C55DB00962F82 /* PersistentGroup.swift */,
				ED1DA2E6254C371600962F82 /* RealmClient.swift */,
				ED1DA2E9254C4B9C00962F82 /* UserDefaultsClient.swift */,
			);
			path = Data;
			sourceTree = "<group>";
		};
		ED4CCBF6254B213100566BAB /* Controller */ = {
			isa = PBXGroup;
			children = (
				ED9D3347254AD68900936872 /* BrowseViewController.swift */,
				ED1DA2ED254C53E800962F82 /* GroupsViewController.swift */,
				ED9D334A254AD6C900936872 /* OptionsViewController.swift */,
				ED9D334D254AD6FB00936872 /* LoginViewController.swift */,
				ED9D3350254AD9B700936872 /* TabBarController.swift */,
				ED98B516254AF4E200BB959E /* InnerNavigationController.swift */,
				ED98B519254AF5A600BB959E /* NavigationController.swift */,
			);
			path = Controller;
			sourceTree = "<group>";
		};
		ED4CCBFC254B214700566BAB /* Supporting Files */ = {
			isa = PBXGroup;
			children = (
				ED4CCBEA254AFFF100566BAB /* VkTest.entitlements */,
				ED9D32FB254ACCA200936872 /* AppDelegate.swift */,
				ED9D32FD254ACCA200936872 /* SceneDelegate.swift */,
				ED9D3309254ACCAA00936872 /* Info.plist */,
				ED9D3304254ACCAA00936872 /* Assets.xcassets */,
				ED9D3306254ACCAA00936872 /* LaunchScreen.storyboard */,
			);
			path = "Supporting Files";
			sourceTree = "<group>";
		};
		ED4CCC00254B216200566BAB /* Model */ = {
			isa = PBXGroup;
			children = (
				ED4CCBF0254B1FA800566BAB /* VKAuthPayload.swift */,
				ED1DA2CB254C1EE400962F82 /* VKUserPayload.swift */,
				ED1DA2CE254C216E00962F82 /* VKError.swift */,
				ED1DA2D4254C2B6F00962F82 /* VKPostPayload.swift */,
				ED1DA2F0254C550100962F82 /* VKGroupPayload.swift */,
				ED1DA2E3254C353400962F82 /* PostWrapper.swift */,
				ED1DA2F3254C55C200962F82 /* GroupWrapper.swift */,
			);
			path = Model;
			sourceTree = "<group>";
		};
		ED4CCC01254B216D00566BAB /* View */ = {
			isa = PBXGroup;
			children = (
				ED9D3301254ACCA200936872 /* Main.storyboard */,
				ED4CCC0C254B28B600566BAB /* AvatarView.swift */,
				ED4CCC26254B663E00566BAB /* CreatePostView.swift */,
				ED4CCC29254B665500566BAB /* CreatePostView.xib */,
			);
			path = View;
			sourceTree = "<group>";
		};
		ED9D32EF254ACCA200936872 = {
			isa = PBXGroup;
			children = (
				ED9D32FA254ACCA200936872 /* VkTest */,
				ED9D32F9254ACCA200936872 /* Products */,
				70138BDA0F502CF802615A9C /* Pods */,
				5863F22C842636C4966D0B35 /* Frameworks */,
			);
			sourceTree = "<group>";
		};
		ED9D32F9254ACCA200936872 /* Products */ = {
			isa = PBXGroup;
			children = (
				ED9D32F8254ACCA200936872 /* VkTest.app */,
			);
			name = Products;
			sourceTree = "<group>";
		};
		ED9D32FA254ACCA200936872 /* VkTest */ = {
			isa = PBXGroup;
			children = (
				ED1DA2DE254C349D00962F82 /* Data */,
				EDB0509B254C1D6800A5AFE6 /* VK */,
				ED4CCBF6254B213100566BAB /* Controller */,
				ED4CCC00254B216200566BAB /* Model */,
				ED4CCBFC254B214700566BAB /* Supporting Files */,
				ED4CCC01254B216D00566BAB /* View */,
				ED4CCC02254B221D00566BAB /* UserCredentialsHelper.swift */,
				ED4CCC0F254B3E5800566BAB /* NSNotificationName+AppNotifications.swift */,
				ED4CCC2C254B697100566BAB /* CreatePostViewDelegate.swift */,
				ED4CCC2F254B76A600566BAB /* KeyboardConstraintAdjuster.swift */,
				EDB0508F254C101600A5AFE6 /* LazyTableViewHandler.swift */,
			);
			path = VkTest;
			sourceTree = "<group>";
		};
		EDB0509B254C1D6800A5AFE6 /* VK */ = {
			isa = PBXGroup;
			children = (
				ED9D3357254AEB7800936872 /* VKAuthHelper.swift */,
				EDB0508C254C098E00A5AFE6 /* VKRequester.swift */,
				EDB05092254C180D00A5AFE6 /* VKRequestInterceptor.swift */,
				EDB05095254C1A0A00A5AFE6 /* VKRequestConstants.swift */,
				EDB05098254C1CC000A5AFE6 /* VKClient.swift */,
				ED1DA2D1254C26E800962F82 /* VKImageDownloader.swift */,
			);
			path = VK;
			sourceTree = "<group>";
		};
/* End PBXGroup section */

/* Begin PBXNativeTarget section */
		ED9D32F7254ACCA200936872 /* VkTest */ = {
			isa = PBXNativeTarget;
			buildConfigurationList = ED9D330C254ACCAA00936872 /* Build configuration list for PBXNativeTarget "VkTest" */;
			buildPhases = (
				1FC959BB819A89DD9B3A87BF /* [CP] Check Pods Manifest.lock */,
				ED9D32F4254ACCA200936872 /* Sources */,
				ED9D32F5254ACCA200936872 /* Frameworks */,
				ED9D32F6254ACCA200936872 /* Resources */,
				2BEC7FBC2E14D00EDE36784C /* [CP] Embed Pods Frameworks */,
			);
			buildRules = (
			);
			dependencies = (
			);
			name = VkTest;
			productName = VkTest;
			productReference = ED9D32F8254ACCA200936872 /* VkTest.app */;
			productType = "com.apple.product-type.application";
		};
/* End PBXNativeTarget section */

/* Begin PBXProject section */
		ED9D32F0254ACCA200936872 /* Project object */ = {
			isa = PBXProject;
			attributes = {
				LastSwiftUpdateCheck = 1210;
				LastUpgradeCheck = 1210;
				TargetAttributes = {
					ED9D32F7254ACCA200936872 = {
						CreatedOnToolsVersion = 12.1;
					};
				};
			};
			buildConfigurationList = ED9D32F3254ACCA200936872 /* Build configuration list for PBXProject "VkTest" */;
			compatibilityVersion = "Xcode 9.3";
			developmentRegion = en;
			hasScannedForEncodings = 0;
			knownRegions = (
				en,
				Base,
			);
			mainGroup = ED9D32EF254ACCA200936872;
			productRefGroup = ED9D32F9254ACCA200936872 /* Products */;
			projectDirPath = "";
			projectRoot = "";
			targets = (
				ED9D32F7254ACCA200936872 /* VkTest */,
			);
		};
/* End PBXProject section */

/* Begin PBXResourcesBuildPhase section */
		ED9D32F6254ACCA200936872 /* Resources */ = {
			isa = PBXResourcesBuildPhase;
			buildActionMask = 2147483647;
			files = (
				ED4CCC2A254B665500566BAB /* CreatePostView.xib in Resources */,
				ED9D3308254ACCAA00936872 /* LaunchScreen.storyboard in Resources */,
				ED9D3305254ACCAA00936872 /* Assets.xcassets in Resources */,
				ED9D3303254ACCA200936872 /* Main.storyboard in Resources */,
			);
			runOnlyForDeploymentPostprocessing = 0;
		};
/* End PBXResourcesBuildPhase section */

/* Begin PBXShellScriptBuildPhase section */
		1FC959BB819A89DD9B3A87BF /* [CP] Check Pods Manifest.lock */ = {
			isa = PBXShellScriptBuildPhase;
			buildActionMask = 2147483647;
			files = (
			);
			inputFileListPaths = (
			);
			inputPaths = (
				"${PODS_PODFILE_DIR_PATH}/Podfile.lock",
				"${PODS_ROOT}/Manifest.lock",
			);
			name = "[CP] Check Pods Manifest.lock";
			outputFileListPaths = (
			);
			outputPaths = (
				"$(DERIVED_FILE_DIR)/Pods-VkTest-checkManifestLockResult.txt",
			);
			runOnlyForDeploymentPostprocessing = 0;
			shellPath = /bin/sh;
			shellScript = "diff \"${PODS_PODFILE_DIR_PATH}/Podfile.lock\" \"${PODS_ROOT}/Manifest.lock\" > /dev/null\nif [ $? != 0 ] ; then\n    # print error to STDERR\n    echo \"error: The sandbox is not in sync with the Podfile.lock. Run 'pod install' or update your CocoaPods installation.\" >&2\n    exit 1\nfi\n# This output is used by Xcode 'outputs' to avoid re-running this script phase.\necho \"SUCCESS\" > \"${SCRIPT_OUTPUT_FILE_0}\"\n";
			showEnvVarsInLog = 0;
		};
		2BEC7FBC2E14D00EDE36784C /* [CP] Embed Pods Frameworks */ = {
			isa = PBXShellScriptBuildPhase;
			buildActionMask = 2147483647;
			files = (
			);
			inputFileListPaths = (
				"${PODS_ROOT}/Target Support Files/Pods-VkTest/Pods-VkTest-frameworks-${CONFIGURATION}-input-files.xcfilelist",
			);
			name = "[CP] Embed Pods Frameworks";
			outputFileListPaths = (
				"${PODS_ROOT}/Target Support Files/Pods-VkTest/Pods-VkTest-frameworks-${CONFIGURATION}-output-files.xcfilelist",
			);
			runOnlyForDeploymentPostprocessing = 0;
			shellPath = /bin/sh;
			shellScript = "\"${PODS_ROOT}/Target Support Files/Pods-VkTest/Pods-VkTest-frameworks.sh\"\n";
			showEnvVarsInLog = 0;
		};
/* End PBXShellScriptBuildPhase section */

/* Begin PBXSourcesBuildPhase section */
		ED9D32F4254ACCA200936872 /* Sources */ = {
			isa = PBXSourcesBuildPhase;
			buildActionMask = 2147483647;
			files = (
				ED1DA2CF254C216E00962F82 /* VKError.swift in Sources */,
				ED9D3358254AEB7800936872 /* VKAuthHelper.swift in Sources */,
				ED4CCC0D254B28B600566BAB /* AvatarView.swift in Sources */,
				EDB05090254C101600A5AFE6 /* LazyTableViewHandler.swift in Sources */,
				ED1DA2E7254C371600962F82 /* RealmClient.swift in Sources */,
				ED4CCC2D254B697100566BAB /* CreatePostViewDelegate.swift in Sources */,
				ED9D3348254AD68900936872 /* BrowseViewController.swift in Sources */,
				ED4CCC10254B3E5800566BAB /* NSNotificationName+AppNotifications.swift in Sources */,
				ED98B517254AF4E200BB959E /* InnerNavigationController.swift in Sources */,
				ED4CCC30254B76A700566BAB /* KeyboardConstraintAdjuster.swift in Sources */,
				ED1DA2CC254C1EE400962F82 /* VKUserPayload.swift in Sources */,
				ED1DA2F7254C55DB00962F82 /* PersistentGroup.swift in Sources */,
				EDB05093254C180D00A5AFE6 /* VKRequestInterceptor.swift in Sources */,
				ED4CCC03254B221D00566BAB /* UserCredentialsHelper.swift in Sources */,
				ED1DA2D5254C2B6F00962F82 /* VKPostPayload.swift in Sources */,
				ED1DA2EE254C53E900962F82 /* GroupsViewController.swift in Sources */,
				ED1DA2EA254C4B9C00962F82 /* UserDefaultsClient.swift in Sources */,
				EDB05099254C1CC100A5AFE6 /* VKClient.swift in Sources */,
				ED1DA2F1254C550100962F82 /* VKGroupPayload.swift in Sources */,
				ED1DA2D2254C26E800962F82 /* VKImageDownloader.swift in Sources */,
				ED9D334B254AD6C900936872 /* OptionsViewController.swift in Sources */,
				ED1DA2E0254C34B800962F82 /* PersistentPost.swift in Sources */,
				ED1DA2E4254C353400962F82 /* PostWrapper.swift in Sources */,
				ED98B51A254AF5A600BB959E /* NavigationController.swift in Sources */,
				ED4CCC27254B663F00566BAB /* CreatePostView.swift in Sources */,
				ED9D32FC254ACCA200936872 /* AppDelegate.swift in Sources */,
				EDB05096254C1A0A00A5AFE6 /* VKRequestConstants.swift in Sources */,
				ED9D3351254AD9B700936872 /* TabBarController.swift in Sources */,
				ED1DA2F4254C55C200962F82 /* GroupWrapper.swift in Sources */,
				EDB0508D254C098F00A5AFE6 /* VKRequester.swift in Sources */,
				ED9D334E254AD6FB00936872 /* LoginViewController.swift in Sources */,
				ED9D32FE254ACCA200936872 /* SceneDelegate.swift in Sources */,
				ED4CCBF1254B1FA800566BAB /* VKAuthPayload.swift in Sources */,
			);
			runOnlyForDeploymentPostprocessing = 0;
		};
/* End PBXSourcesBuildPhase section */

/* Begin PBXVariantGroup section */
		ED9D3301254ACCA200936872 /* Main.storyboard */ = {
			isa = PBXVariantGroup;
			children = (
				ED9D3302254ACCA200936872 /* Base */,
			);
			name = Main.storyboard;
			sourceTree = "<group>";
		};
		ED9D3306254ACCAA00936872 /* LaunchScreen.storyboard */ = {
			isa = PBXVariantGroup;
			children = (
				ED9D3307254ACCAA00936872 /* Base */,
			);
			name = LaunchScreen.storyboard;
			sourceTree = "<group>";
		};
/* End PBXVariantGroup section */

/* Begin XCBuildConfiguration section */
		ED9D330A254ACCAA00936872 /* Debug */ = {
			isa = XCBuildConfiguration;
			buildSettings = {
				ALWAYS_SEARCH_USER_PATHS = NO;
				CLANG_ANALYZER_NONNULL = YES;
				CLANG_ANALYZER_NUMBER_OBJECT_CONVERSION = YES_AGGRESSIVE;
				CLANG_CXX_LANGUAGE_STANDARD = "gnu++14";
				CLANG_CXX_LIBRARY = "libc++";
				CLANG_ENABLE_MODULES = YES;
				CLANG_ENABLE_OBJC_ARC = YES;
				CLANG_ENABLE_OBJC_WEAK = YES;
				CLANG_WARN_BLOCK_CAPTURE_AUTORELEASING = YES;
				CLANG_WARN_BOOL_CONVERSION = YES;
				CLANG_WARN_COMMA = YES;
				CLANG_WARN_CONSTANT_CONVERSION = YES;
				CLANG_WARN_DEPRECATED_OBJC_IMPLEMENTATIONS = YES;
				CLANG_WARN_DIRECT_OBJC_ISA_USAGE = YES_ERROR;
				CLANG_WARN_DOCUMENTATION_COMMENTS = YES;
				CLANG_WARN_EMPTY_BODY = YES;
				CLANG_WARN_ENUM_CONVERSION = YES;
				CLANG_WARN_INFINITE_RECURSION = YES;
				CLANG_WARN_INT_CONVERSION = YES;
				CLANG_WARN_NON_LITERAL_NULL_CONVERSION = YES;
				CLANG_WARN_OBJC_IMPLICIT_RETAIN_SELF = YES;
				CLANG_WARN_OBJC_LITERAL_CONVERSION = YES;
				CLANG_WARN_OBJC_ROOT_CLASS = YES_ERROR;
				CLANG_WARN_QUOTED_INCLUDE_IN_FRAMEWORK_HEADER = YES;
				CLANG_WARN_RANGE_LOOP_ANALYSIS = YES;
				CLANG_WARN_STRICT_PROTOTYPES = YES;
				CLANG_WARN_SUSPICIOUS_MOVE = YES;
				CLANG_WARN_UNGUARDED_AVAILABILITY = YES_AGGRESSIVE;
				CLANG_WARN_UNREACHABLE_CODE = YES;
				CLANG_WARN__DUPLICATE_METHOD_MATCH = YES;
				COPY_PHASE_STRIP = NO;
				DEBUG_INFORMATION_FORMAT = dwarf;
				ENABLE_STRICT_OBJC_MSGSEND = YES;
				ENABLE_TESTABILITY = YES;
				GCC_C_LANGUAGE_STANDARD = gnu11;
				GCC_DYNAMIC_NO_PIC = NO;
				GCC_NO_COMMON_BLOCKS = YES;
				GCC_OPTIMIZATION_LEVEL = 0;
				GCC_PREPROCESSOR_DEFINITIONS = (
					"DEBUG=1",
					"$(inherited)",
				);
				GCC_WARN_64_TO_32_BIT_CONVERSION = YES;
				GCC_WARN_ABOUT_RETURN_TYPE = YES_ERROR;
				GCC_WARN_UNDECLARED_SELECTOR = YES;
				GCC_WARN_UNINITIALIZED_AUTOS = YES_AGGRESSIVE;
				GCC_WARN_UNUSED_FUNCTION = YES;
				GCC_WARN_UNUSED_VARIABLE = YES;
				IPHONEOS_DEPLOYMENT_TARGET = 14.0;
				MTL_ENABLE_DEBUG_INFO = INCLUDE_SOURCE;
				MTL_FAST_MATH = YES;
				ONLY_ACTIVE_ARCH = YES;
				SDKROOT = iphoneos;
				SWIFT_ACTIVE_COMPILATION_CONDITIONS = DEBUG;
				SWIFT_OPTIMIZATION_LEVEL = "-Onone";
			};
			name = Debug;
		};
		ED9D330B254ACCAA00936872 /* Release */ = {
			isa = XCBuildConfiguration;
			buildSettings = {
				ALWAYS_SEARCH_USER_PATHS = NO;
				CLANG_ANALYZER_NONNULL = YES;
				CLANG_ANALYZER_NUMBER_OBJECT_CONVERSION = YES_AGGRESSIVE;
				CLANG_CXX_LANGUAGE_STANDARD = "gnu++14";
				CLANG_CXX_LIBRARY = "libc++";
				CLANG_ENABLE_MODULES = YES;
				CLANG_ENABLE_OBJC_ARC = YES;
				CLANG_ENABLE_OBJC_WEAK = YES;
				CLANG_WARN_BLOCK_CAPTURE_AUTORELEASING = YES;
				CLANG_WARN_BOOL_CONVERSION = YES;
				CLANG_WARN_COMMA = YES;
				CLANG_WARN_CONSTANT_CONVERSION = YES;
				CLANG_WARN_DEPRECATED_OBJC_IMPLEMENTATIONS = YES;
				CLANG_WARN_DIRECT_OBJC_ISA_USAGE = YES_ERROR;
				CLANG_WARN_DOCUMENTATION_COMMENTS = YES;
				CLANG_WARN_EMPTY_BODY = YES;
				CLANG_WARN_ENUM_CONVERSION = YES;
				CLANG_WARN_INFINITE_RECURSION = YES;
				CLANG_WARN_INT_CONVERSION = YES;
				CLANG_WARN_NON_LITERAL_NULL_CONVERSION = YES;
				CLANG_WARN_OBJC_IMPLICIT_RETAIN_SELF = YES;
				CLANG_WARN_OBJC_LITERAL_CONVERSION = YES;
				CLANG_WARN_OBJC_ROOT_CLASS = YES_ERROR;
				CLANG_WARN_QUOTED_INCLUDE_IN_FRAMEWORK_HEADER = YES;
				CLANG_WARN_RANGE_LOOP_ANALYSIS = YES;
				CLANG_WARN_STRICT_PROTOTYPES = YES;
				CLANG_WARN_SUSPICIOUS_MOVE = YES;
				CLANG_WARN_UNGUARDED_AVAILABILITY = YES_AGGRESSIVE;
				CLANG_WARN_UNREACHABLE_CODE = YES;
				CLANG_WARN__DUPLICATE_METHOD_MATCH = YES;
				COPY_PHASE_STRIP = NO;
				DEBUG_INFORMATION_FORMAT = "dwarf-with-dsym";
				ENABLE_NS_ASSERTIONS = NO;
				ENABLE_STRICT_OBJC_MSGSEND = YES;
				GCC_C_LANGUAGE_STANDARD = gnu11;
				GCC_NO_COMMON_BLOCKS = YES;
				GCC_WARN_64_TO_32_BIT_CONVERSION = YES;
				GCC_WARN_ABOUT_RETURN_TYPE = YES_ERROR;
				GCC_WARN_UNDECLARED_SELECTOR = YES;
				GCC_WARN_UNINITIALIZED_AUTOS = YES_AGGRESSIVE;
				GCC_WARN_UNUSED_FUNCTION = YES;
				GCC_WARN_UNUSED_VARIABLE = YES;
				IPHONEOS_DEPLOYMENT_TARGET = 14.0;
				MTL_ENABLE_DEBUG_INFO = NO;
				MTL_FAST_MATH = YES;
				SDKROOT = iphoneos;
				SWIFT_COMPILATION_MODE = wholemodule;
				SWIFT_OPTIMIZATION_LEVEL = "-O";
				VALIDATE_PRODUCT = YES;
			};
			name = Release;
		};
		ED9D330D254ACCAA00936872 /* Debug */ = {
			isa = XCBuildConfiguration;
			baseConfigurationReference = D9D5EB61B05BEF848A62B4C2 /* Pods-VkTest.debug.xcconfig */;
			buildSettings = {
				ASSETCATALOG_COMPILER_APPICON_NAME = AppIcon;
				ASSETCATALOG_COMPILER_GLOBAL_ACCENT_COLOR_NAME = AccentColor;
				CODE_SIGN_ENTITLEMENTS = "VkTest/Supporting Files/VkTest.entitlements";
				CODE_SIGN_STYLE = Automatic;
				DEVELOPMENT_TEAM = KVZVUNQ279;
				INFOPLIST_FILE = "VkTest/Supporting Files/Info.plist";
				LD_RUNPATH_SEARCH_PATHS = (
					"$(inherited)",
					"@executable_path/Frameworks",
				);
				PRODUCT_BUNDLE_IDENTIFIER = me.digitalby.VkTest;
				PRODUCT_NAME = "$(TARGET_NAME)";
				SWIFT_VERSION = 5.0;
				TARGETED_DEVICE_FAMILY = 1;
			};
			name = Debug;
		};
		ED9D330E254ACCAA00936872 /* Release */ = {
			isa = XCBuildConfiguration;
			baseConfigurationReference = 3165A4CDF63AE81F465B5602 /* Pods-VkTest.release.xcconfig */;
			buildSettings = {
				ASSETCATALOG_COMPILER_APPICON_NAME = AppIcon;
				ASSETCATALOG_COMPILER_GLOBAL_ACCENT_COLOR_NAME = AccentColor;
				CODE_SIGN_ENTITLEMENTS = "VkTest/Supporting Files/VkTest.entitlements";
				CODE_SIGN_STYLE = Automatic;
				DEVELOPMENT_TEAM = KVZVUNQ279;
				INFOPLIST_FILE = "VkTest/Supporting Files/Info.plist";
				LD_RUNPATH_SEARCH_PATHS = (
					"$(inherited)",
					"@executable_path/Frameworks",
				);
				PRODUCT_BUNDLE_IDENTIFIER = me.digitalby.VkTest;
				PRODUCT_NAME = "$(TARGET_NAME)";
				SWIFT_VERSION = 5.0;
				TARGETED_DEVICE_FAMILY = 1;
			};
			name = Release;
		};
/* End XCBuildConfiguration section */

/* Begin XCConfigurationList section */
		ED9D32F3254ACCA200936872 /* Build configuration list for PBXProject "VkTest" */ = {
			isa = XCConfigurationList;
			buildConfigurations = (
				ED9D330A254ACCAA00936872 /* Debug */,
				ED9D330B254ACCAA00936872 /* Release */,
			);
			defaultConfigurationIsVisible = 0;
			defaultConfigurationName = Release;
		};
		ED9D330C254ACCAA00936872 /* Build configuration list for PBXNativeTarget "VkTest" */ = {
			isa = XCConfigurationList;
			buildConfigurations = (
				ED9D330D254ACCAA00936872 /* Debug */,
				ED9D330E254ACCAA00936872 /* Release */,
			);
			defaultConfigurationIsVisible = 0;
			defaultConfigurationName = Release;
		};
/* End XCConfigurationList section */
	};
	rootObject = ED9D32F0254ACCA200936872 /* Project object */;
}
